{
  "name": "@scottish-government/mygov-assets",
  "version": "0.0.0",
  "dependencies": {
    "csswizardry-grids": {
      "version": "2.2.0"
    },
    "sealant": {
      "version": "0.0.3",
      "dependencies": {
        "json-stable-stringify": {
          "version": "1.0.1",
          "dependencies": {
            "jsonify": {
              "version": "0.0.0",
              "dev": true
            }
          },
          "dev": true
        }
      },
      "dev": true
    }
  }
}